// !$*UTF8*$!
{
	archiveVersion = 1;
	classes = {
	};
	objectVersion = 77;
	objects = {

/* Begin PBXBuildFile section */
		A1B2C3D43011AA0800TEST0D /* EvidenceCryptoTests.swift in Sources */ = {isa = PBXBuildFile; fileRef = A1B2C3D43011AA0800TEST0C /* EvidenceCryptoTests.swift */; };
		B2C3D4E53011AA0800UI00D /* OnboardingUITests.swift in Sources */ = {isa = PBXBuildFile; fileRef = B2C3D4E53011AA0800UI00C /* OnboardingUITests.swift */; };
/* End PBXBuildFile section */

/* Begin PBXContainerItemProxy section */
		A1B2C3D43011AA0800TEST08 /* PBXContainerItemProxy */ = {
			isa = PBXContainerItemProxy;
			containerPortal = 335A763E3011AA0800B66F79 /* Project object */;
			proxyType = 1;
			remoteGlobalIDString = 335A76453011AA0800B66F79;
			remoteInfo = "性同意";
		};
		B2C3D4E53011AA0800UI008 /* PBXContainerItemProxy */ = {
			isa = PBXContainerItemProxy;
			containerPortal = 335A763E3011AA0800B66F79 /* Project object */;
			proxyType = 1;
			remoteGlobalIDString = 335A76453011AA0800B66F79;
			remoteInfo = "性同意";
		};
/* End PBXContainerItemProxy section */

/* Begin PBXFileReference section */
		335A76463011AA0800B66F79 /* 性同意.app */ = {isa = PBXFileReference; explicitFileType = wrapper.application; includeInIndex = 0; path = "性同意.app"; sourceTree = BUILT_PRODUCTS_DIR; };
		A1B2C3D43011AA0800TEST01 /* XAgreeTests.xctest */ = {isa = PBXFileReference; explicitFileType = wrapper.cfbundle; includeInIndex = 0; path = XAgreeTests.xctest; sourceTree = BUILT_PRODUCTS_DIR; };
		A1B2C3D43011AA0800TEST0C /* EvidenceCryptoTests.swift */ = {isa = PBXFileReference; lastKnownFileType = sourcecode.swift; path = EvidenceCryptoTests.swift; sourceTree = "<group>"; };
		B2C3D4E53011AA0800UI001 /* XAgreeUITests.xctest */ = {isa = PBXFileReference; explicitFileType = wrapper.cfbundle; includeInIndex = 0; path = XAgreeUITests.xctest; sourceTree = BUILT_PRODUCTS_DIR; };
		B2C3D4E53011AA0800UI00C /* OnboardingUITests.swift */ = {isa = PBXFileReference; lastKnownFileType = sourcecode.swift; path = OnboardingUITests.swift; sourceTree = "<group>"; };
/* End PBXFileReference section */

/* Begin PBXFileSystemSynchronizedRootGroup section */
		335A76483011AA0800B66F79 /* 性同意 */ = {
			isa = PBXFileSystemSynchronizedRootGroup;
			path = "性同意";
			sourceTree = "<group>";
		};
/* End PBXFileSystemSynchronizedRootGroup section */

/* Begin PBXFrameworksBuildPhase section */
		335A76433011AA0800B66F79 /* Frameworks */ = {
			isa = PBXFrameworksBuildPhase;
			buildActionMask = 2147483647;
			files = (
			);
			runOnlyForDeploymentPostprocessing = 0;
		};
		A1B2C3D43011AA0800TEST04 /* Frameworks */ = {
			isa = PBXFrameworksBuildPhase;
			buildActionMask = 2147483647;
			files = (
			);
			runOnlyForDeploymentPostprocessing = 0;
		};
		B2C3D4E53011AA0800UI004 /* Frameworks */ = {
			isa = PBXFrameworksBuildPhase;
			buildActionMask = 2147483647;
			files = (
			);
			runOnlyForDeploymentPostprocessing = 0;
		};
/* End PBXFrameworksBuildPhase section */

/* Begin PBXGroup section */
		335A763D3011AA0800B66F79 = {
			isa = PBXGroup;
			children = (
				335A76483011AA0800B66F79 /* 性同意 */,
				A1B2C3D43011AA0800TEST06 /* XAgreeTests */,
				B2C3D4E53011AA0800UI006 /* XAgreeUITests */,
				335A76473011AA0800B66F79 /* Products */,
			);
			sourceTree = "<group>";
		};
		335A76473011AA0800B66F79 /* Products */ = {
			isa = PBXGroup;
			children = (
				335A76463011AA0800B66F79 /* 性同意.app */,
				A1B2C3D43011AA0800TEST01 /* XAgreeTests.xctest */,
				B2C3D4E53011AA0800UI001 /* XAgreeUITests.xctest */,
			);
			name = Products;
			sourceTree = "<group>";
		};
		A1B2C3D43011AA0800TEST06 /* XAgreeTests */ = {
			isa = PBXGroup;
			children = (
				A1B2C3D43011AA0800TEST0C /* EvidenceCryptoTests.swift */,
			);
			path = XAgreeTests;
			sourceTree = "<group>";
		};
		B2C3D4E53011AA0800UI006 /* XAgreeUITests */ = {
			isa = PBXGroup;
			children = (
				B2C3D4E53011AA0800UI00C /* OnboardingUITests.swift */,
			);
			path = XAgreeUITests;
			sourceTree = "<group>";
		};
/* End PBXGroup section */

/* Begin PBXNativeTarget section */
		335A76453011AA0800B66F79 /* 性同意 */ = {
			isa = PBXNativeTarget;
			buildConfigurationList = 335A76513011AA0900B66F79 /* Build configuration list for PBXNativeTarget "性同意" */;
			buildPhases = (
				335A76423011AA0800B66F79 /* Sources */,
				335A76433011AA0800B66F79 /* Frameworks */,
				335A76443011AA0800B66F79 /* Resources */,
			);
			buildRules = (
			);
			dependencies = (
			);
			fileSystemSynchronizedGroups = (
				335A76483011AA0800B66F79 /* 性同意 */,
			);
			name = "性同意";
			packageProductDependencies = (
			);
			productName = "性同意";
			productReference = 335A76463011AA0800B66F79 /* 性同意.app */;
			productType = "com.apple.product-type.application";
		};
		A1B2C3D43011AA0800TEST02 /* XAgreeTests */ = {
			isa = PBXNativeTarget;
			buildConfigurationList = A1B2C3D43011AA0800TEST09 /* Build configuration list for PBXNativeTarget "XAgreeTests" */;
			buildPhases = (
				A1B2C3D43011AA0800TEST03 /* Sources */,
				A1B2C3D43011AA0800TEST04 /* Frameworks */,
				A1B2C3D43011AA0800TEST05 /* Resources */,
			);
			buildRules = (
			);
			dependencies = (
				A1B2C3D43011AA0800TEST07 /* PBXTargetDependency */,
			);
			name = XAgreeTests;
			packageProductDependencies = (
			);
			productName = XAgreeTests;
			productReference = A1B2C3D43011AA0800TEST01 /* XAgreeTests.xctest */;
			productType = "com.apple.product-type.bundle.unit-test";
		};
		B2C3D4E53011AA0800UI002 /* XAgreeUITests */ = {
			isa = PBXNativeTarget;
			buildConfigurationList = B2C3D4E53011AA0800UI009 /* Build configuration list for PBXNativeTarget "XAgreeUITests" */;
			buildPhases = (
				B2C3D4E53011AA0800UI003 /* Sources */,
				B2C3D4E53011AA0800UI004 /* Frameworks */,
				B2C3D4E53011AA0800UI005 /* Resources */,
			);
			buildRules = (
			);
			dependencies = (
				B2C3D4E53011AA0800UI007 /* PBXTargetDependency */,
			);
			name = XAgreeUITests;
			packageProductDependencies = (
			);
			productName = XAgreeUITests;
			productReference = B2C3D4E53011AA0800UI001 /* XAgreeUITests.xctest */;
			productType = "com.apple.product-type.bundle.ui-testing";
		};
/* End PBXNativeTarget section */

/* Begin PBXProject section */
		335A763E3011AA0800B66F79 /* Project object */ = {
			isa = PBXProject;
			attributes = {
				BuildIndependentTargetsInParallel = 1;
				LastSwiftUpdateCheck = 2660;
				LastUpgradeCheck = 2660;
				TargetAttributes = {
					335A76453011AA0800B66F79 = {
						CreatedOnToolsVersion = 26.6;
					};
					A1B2C3D43011AA0800TEST02 = {
						CreatedOnToolsVersion = 26.6;
						TestTargetID = 335A76453011AA0800B66F79;
					};
					B2C3D4E53011AA0800UI002 = {
						CreatedOnToolsVersion = 26.6;
						TestTargetID = 335A76453011AA0800B66F79;
					};
				};
			};
			buildConfigurationList = 335A76413011AA0800B66F79 /* Build configuration list for PBXProject "性同意" */;
			developmentRegion = "zh-Hans";
			hasScannedForEncodings = 0;
			knownRegions = (
				en,
				ja,
				"zh-Hans",
				Base,
			);
			mainGroup = 335A763D3011AA0800B66F79;
			minimizedProjectReferenceProxies = 1;
			preferredProjectObjectVersion = 77;
			productRefGroup = 335A76473011AA0800B66F79 /* Products */;
			projectDirPath = "";
			projectRoot = "";
			targets = (
				335A76453011AA0800B66F79 /* 性同意 */,
				A1B2C3D43011AA0800TEST02 /* XAgreeTests */,
				B2C3D4E53011AA0800UI002 /* XAgreeUITests */,
			);
		};
/* End PBXProject section */

/* Begin PBXResourcesBuildPhase section */
		335A76443011AA0800B66F79 /* Resources */ = {
			isa = PBXResourcesBuildPhase;
			buildActionMask = 2147483647;
			files = (
			);
			runOnlyForDeploymentPostprocessing = 0;
		};
		A1B2C3D43011AA0800TEST05 /* Resources */ = {
			isa = PBXResourcesBuildPhase;
			buildActionMask = 2147483647;
			files = (
			);
			runOnlyForDeploymentPostprocessing = 0;
		};
		B2C3D4E53011AA0800UI005 /* Resources */ = {
			isa = PBXResourcesBuildPhase;
			buildActionMask = 2147483647;
			files = (
			);
			runOnlyForDeploymentPostprocessing = 0;
		};
/* End PBXResourcesBuildPhase section */

/* Begin PBXSourcesBuildPhase section */
		335A76423011AA0800B66F79 /* Sources */ = {
			isa = PBXSourcesBuildPhase;
			buildActionMask = 2147483647;
			files = (
			);
			runOnlyForDeploymentPostprocessing = 0;
		};
		A1B2C3D43011AA0800TEST03 /* Sources */ = {
			isa = PBXSourcesBuildPhase;
			buildActionMask = 2147483647;
			files = (
				A1B2C3D43011AA0800TEST0D /* EvidenceCryptoTests.swift in Sources */,
			);
			runOnlyForDeploymentPostprocessing = 0;
		};
		B2C3D4E53011AA0800UI003 /* Sources */ = {
			isa = PBXSourcesBuildPhase;
			buildActionMask = 2147483647;
			files = (
				B2C3D4E53011AA0800UI00D /* OnboardingUITests.swift in Sources */,
			);
			runOnlyForDeploymentPostprocessing = 0;
		};
/* End PBXSourcesBuildPhase section */

/* Begin PBXTargetDependency section */
		A1B2C3D43011AA0800TEST07 /* PBXTargetDependency */ = {
			isa = PBXTargetDependency;
			target = 335A76453011AA0800B66F79 /* 性同意 */;
			targetProxy = A1B2C3D43011AA0800TEST08 /* PBXContainerItemProxy */;
		};
		B2C3D4E53011AA0800UI007 /* PBXTargetDependency */ = {
			isa = PBXTargetDependency;
			target = 335A76453011AA0800B66F79 /* 性同意 */;
			targetProxy = B2C3D4E53011AA0800UI008 /* PBXContainerItemProxy */;
		};
/* End PBXTargetDependency section */

/* Begin XCBuildConfiguration section */
		335A764F3011AA0900B66F79 /* Debug */ = {
			isa = XCBuildConfiguration;
			buildSettings = {
				ALWAYS_SEARCH_USER_PATHS = NO;
				ASSETCATALOG_COMPILER_GENERATE_SWIFT_ASSET_SYMBOL_EXTENSIONS = YES;
				CLANG_ANALYZER_NONNULL = YES;
				CLANG_ANALYZER_NUMBER_OBJECT_CONVERSION = YES_AGGRESSIVE;
				CLANG_CXX_LANGUAGE_STANDARD = "gnu++20";
				CLANG_ENABLE_MODULES = YES;
				CLANG_ENABLE_OBJC_ARC = YES;
				CLANG_ENABLE_OBJC_WEAK = YES;
				CLANG_WARN_BLOCK_CAPTURE_AUTORELEASING = YES;
				CLANG_WARN_BOOL_CONVERSION = YES;
				CLANG_WARN_COMMA = YES;
				CLANG_WARN_CONSTANT_CONVERSION = YES;
				CLANG_WARN_DEPRECATED_OBJC_IMPLEMENTATIONS = YES;
				CLANG_WARN_DIRECT_OBJC_ISA_USAGE = YES_ERROR;
				CLANG_WARN_DOCUMENTATION_COMMENTS = YES;
				CLANG_WARN_EMPTY_BODY = YES;
				CLANG_WARN_ENUM_CONVERSION = YES;
				CLANG_WARN_INFINITE_RECURSION = YES;
				CLANG_WARN_INT_CONVERSION = YES;
				CLANG_WARN_NON_LITERAL_NULL_CONVERSION = YES;
				CLANG_WARN_OBJC_IMPLICIT_RETAIN_SELF = YES;
				CLANG_WARN_OBJC_LITERAL_CONVERSION = YES;
				CLANG_WARN_OBJC_ROOT_CLASS = YES_ERROR;
				CLANG_WARN_QUOTED_INCLUDE_IN_FRAMEWORK_HEADER = YES;
				CLANG_WARN_RANGE_LOOP_ANALYSIS = YES;
				CLANG_WARN_STRICT_PROTOTYPES = YES;
				CLANG_WARN_SUSPICIOUS_MOVE = YES;
				CLANG_WARN_UNGUARDED_AVAILABILITY = YES_AGGRESSIVE;
				CLANG_WARN_UNREACHABLE_CODE = YES;
				CLANG_WARN__DUPLICATE_METHOD_MATCH = YES;
				COPY_PHASE_STRIP = NO;
				DEBUG_INFORMATION_FORMAT = dwarf;
				ENABLE_STRICT_OBJC_MSGSEND = YES;
				ENABLE_TESTABILITY = YES;
				ENABLE_USER_SCRIPT_SANDBOXING = YES;
				GCC_C_LANGUAGE_STANDARD = gnu17;
				GCC_DYNAMIC_NO_PIC = NO;
				GCC_NO_COMMON_BLOCKS = YES;
				GCC_OPTIMIZATION_LEVEL = 0;
				GCC_PREPROCESSOR_DEFINITIONS = (
					"DEBUG=1",
					"$(inherited)",
				);
				GCC_WARN_64_TO_32_BIT_CONVERSION = YES;
				GCC_WARN_ABOUT_RETURN_TYPE = YES_ERROR;
				GCC_WARN_UNDECLARED_SELECTOR = YES;
				GCC_WARN_UNINITIALIZED_AUTOS = YES_AGGRESSIVE;
				GCC_WARN_UNUSED_FUNCTION = YES;
				GCC_WARN_UNUSED_VARIABLE = YES;
				LOCALIZATION_PREFERS_STRING_CATALOGS = YES;
				MTL_ENABLE_DEBUG_INFO = INCLUDE_SOURCE;
				MTL_FAST_MATH = YES;
				ONLY_ACTIVE_ARCH = YES;
				SWIFT_ACTIVE_COMPILATION_CONDITIONS = "DEBUG $(inherited)";
				SWIFT_OPTIMIZATION_LEVEL = "-Onone";
			};
			name = Debug;
		};
		335A76503011AA0900B66F79 /* Release */ = {
			isa = XCBuildConfiguration;
			buildSettings = {
				ALWAYS_SEARCH_USER_PATHS = NO;
				ASSETCATALOG_COMPILER_GENERATE_SWIFT_ASSET_SYMBOL_EXTENSIONS = YES;
				CLANG_ANALYZER_NONNULL = YES;
				CLANG_ANALYZER_NUMBER_OBJECT_CONVERSION = YES_AGGRESSIVE;
				CLANG_CXX_LANGUAGE_STANDARD = "gnu++20";
				CLANG_ENABLE_MODULES = YES;
				CLANG_ENABLE_OBJC_ARC = YES;
				CLANG_ENABLE_OBJC_WEAK = YES;
				CLANG_WARN_BLOCK_CAPTURE_AUTORELEASING = YES;
				CLANG_WARN_BOOL_CONVERSION = YES;
				CLANG_WARN_COMMA = YES;
				CLANG_WARN_CONSTANT_CONVERSION = YES;
				CLANG_WARN_DEPRECATED_OBJC_IMPLEMENTATIONS = YES;
				CLANG_WARN_DIRECT_OBJC_ISA_USAGE = YES_ERROR;
				CLANG_WARN_DOCUMENTATION_COMMENTS = YES;
				CLANG_WARN_EMPTY_BODY = YES;
				CLANG_WARN_ENUM_CONVERSION = YES;
				CLANG_WARN_INFINITE_RECURSION = YES;
				CLANG_WARN_INT_CONVERSION = YES;
				CLANG_WARN_NON_LITERAL_NULL_CONVERSION = YES;
				CLANG_WARN_OBJC_IMPLICIT_RETAIN_SELF = YES;
				CLANG_WARN_OBJC_LITERAL_CONVERSION = YES;
				CLANG_WARN_OBJC_ROOT_CLASS = YES_ERROR;
				CLANG_WARN_QUOTED_INCLUDE_IN_FRAMEWORK_HEADER = YES;
				CLANG_WARN_RANGE_LOOP_ANALYSIS = YES;
				CLANG_WARN_STRICT_PROTOTYPES = YES;
				CLANG_WARN_SUSPICIOUS_MOVE = YES;
				CLANG_WARN_UNGUARDED_AVAILABILITY = YES_AGGRESSIVE;
				CLANG_WARN_UNREACHABLE_CODE = YES;
				CLANG_WARN__DUPLICATE_METHOD_MATCH = YES;
				COPY_PHASE_STRIP = NO;
				DEBUG_INFORMATION_FORMAT = "dwarf-with-dsym";
				ENABLE_NS_ASSERTIONS = NO;
				ENABLE_STRICT_OBJC_MSGSEND = YES;
				ENABLE_USER_SCRIPT_SANDBOXING = YES;
				GCC_C_LANGUAGE_STANDARD = gnu17;
				GCC_NO_COMMON_BLOCKS = YES;
				GCC_WARN_64_TO_32_BIT_CONVERSION = YES;
				GCC_WARN_ABOUT_RETURN_TYPE = YES_ERROR;
				GCC_WARN_UNDECLARED_SELECTOR = YES;
				GCC_WARN_UNINITIALIZED_AUTOS = YES_AGGRESSIVE;
				GCC_WARN_UNUSED_FUNCTION = YES;
				GCC_WARN_UNUSED_VARIABLE = YES;
				LOCALIZATION_PREFERS_STRING_CATALOGS = YES;
				MTL_ENABLE_DEBUG_INFO = NO;
				MTL_FAST_MATH = YES;
				SWIFT_COMPILATION_MODE = wholemodule;
			};
			name = Release;
		};
		335A76523011AA0900B66F79 /* Debug */ = {
			isa = XCBuildConfiguration;
			buildSettings = {
				ASSETCATALOG_COMPILER_APPICON_NAME = AppIcon;
				ASSETCATALOG_COMPILER_GLOBAL_ACCENT_COLOR_NAME = AccentColor;
				CODE_SIGN_STYLE = Automatic;
				CURRENT_PROJECT_VERSION = 1;
				DEVELOPMENT_TEAM = 745F9FK3Z7;
				ENABLE_APP_SANDBOX = YES;
				ENABLE_PREVIEWS = YES;
				ENABLE_TESTABILITY = YES;
				ENABLE_USER_SELECTED_FILES = readonly;
				GENERATE_INFOPLIST_FILE = NO;
				INFOPLIST_FILE = "XAgree-Info.plist";
				INFOPLIST_KEY_NSBonjourServices = "_xagree-v1._tcp";
				INFOPLIST_KEY_NSCameraUsageDescription = "用于录制双方明确知情的自拍视频，不会上传给开发者。";
				INFOPLIST_KEY_NSLocalNetworkUsageDescription = "用于在附近两台设备之间直接传输加密的视频副本，不通过开发者服务器。";
				INFOPLIST_KEY_NSMicrophoneUsageDescription = "用于录制声明视频中的语音，不会上传给开发者。";
				"INFOPLIST_KEY_UIApplicationSceneManifest_Generation[sdk=iphoneos*]" = YES;
				"INFOPLIST_KEY_UIApplicationSceneManifest_Generation[sdk=iphonesimulator*]" = YES;
				"INFOPLIST_KEY_UIApplicationSupportsIndirectInputEvents[sdk=iphoneos*]" = YES;
				"INFOPLIST_KEY_UIApplicationSupportsIndirectInputEvents[sdk=iphonesimulator*]" = YES;
				"INFOPLIST_KEY_UILaunchScreen_Generation[sdk=iphoneos*]" = YES;
				"INFOPLIST_KEY_UILaunchScreen_Generation[sdk=iphonesimulator*]" = YES;
				"INFOPLIST_KEY_UIStatusBarStyle[sdk=iphoneos*]" = UIStatusBarStyleDefault;
				"INFOPLIST_KEY_UIStatusBarStyle[sdk=iphonesimulator*]" = UIStatusBarStyleDefault;
				INFOPLIST_KEY_UISupportedInterfaceOrientations_iPad = UIInterfaceOrientationPortrait;
				INFOPLIST_KEY_UISupportedInterfaceOrientations_iPhone = UIInterfaceOrientationPortrait;
				IPHONEOS_DEPLOYMENT_TARGET = 17.0;
				LD_RUNPATH_SEARCH_PATHS = "@executable_path/Frameworks";
				"LD_RUNPATH_SEARCH_PATHS[sdk=macosx*]" = "@executable_path/../Frameworks";
				MACOSX_DEPLOYMENT_TARGET = 26.5;
				MARKETING_VERSION = 1.0;
				PRODUCT_BUNDLE_IDENTIFIER = com.hanziyi.xagree;
				PRODUCT_MODULE_NAME = XAgree;
				PRODUCT_NAME = "$(TARGET_NAME)";
				REGISTER_APP_GROUPS = YES;
				SDKROOT = auto;
				STRING_CATALOG_GENERATE_SYMBOLS = YES;
				SUPPORTED_PLATFORMS = "iphoneos iphonesimulator";
				SWIFT_APPROACHABLE_CONCURRENCY = YES;
				SWIFT_DEFAULT_ACTOR_ISOLATION = MainActor;
				SWIFT_EMIT_LOC_STRINGS = YES;
				SWIFT_UPCOMING_FEATURE_MEMBER_IMPORT_VISIBILITY = YES;
				SWIFT_VERSION = 6.0;
				TARGETED_DEVICE_FAMILY = "1,2";
			};
			name = Debug;
		};
		335A76533011AA0900B66F79 /* Release */ = {
			isa = XCBuildConfiguration;
			buildSettings = {
				ASSETCATALOG_COMPILER_APPICON_NAME = AppIcon;
				ASSETCATALOG_COMPILER_GLOBAL_ACCENT_COLOR_NAME = AccentColor;
				CODE_SIGN_STYLE = Automatic;
				CURRENT_PROJECT_VERSION = 1;
				DEVELOPMENT_TEAM = 745F9FK3Z7;
				ENABLE_APP_SANDBOX = YES;
				ENABLE_PREVIEWS = YES;
				ENABLE_TESTABILITY = YES;
				ENABLE_USER_SELECTED_FILES = readonly;
				GENERATE_INFOPLIST_FILE = NO;
				INFOPLIST_FILE = "XAgree-Info.plist";
				INFOPLIST_KEY_NSBonjourServices = "_xagree-v1._tcp";
				INFOPLIST_KEY_NSCameraUsageDescription = "用于录制双方明确知情的自拍视频，不会上传给开发者。";
				INFOPLIST_KEY_NSLocalNetworkUsageDescription = "用于在附近两台设备之间直接传输加密的视频副本，不通过开发者服务器。";
				INFOPLIST_KEY_NSMicrophoneUsageDescription = "用于录制声明视频中的语音，不会上传给开发者。";
				"INFOPLIST_KEY_UIApplicationSceneManifest_Generation[sdk=iphoneos*]" = YES;
				"INFOPLIST_KEY_UIApplicationSceneManifest_Generation[sdk=iphonesimulator*]" = YES;
				"INFOPLIST_KEY_UIApplicationSupportsIndirectInputEvents[sdk=iphoneos*]" = YES;
				"INFOPLIST_KEY_UIApplicationSupportsIndirectInputEvents[sdk=iphonesimulator*]" = YES;
				"INFOPLIST_KEY_UILaunchScreen_Generation[sdk=iphoneos*]" = YES;
				"INFOPLIST_KEY_UILaunchScreen_Generation[sdk=iphonesimulator*]" = YES;
				"INFOPLIST_KEY_UIStatusBarStyle[sdk=iphoneos*]" = UIStatusBarStyleDefault;
				"INFOPLIST_KEY_UIStatusBarStyle[sdk=iphonesimulator*]" = UIStatusBarStyleDefault;
				INFOPLIST_KEY_UISupportedInterfaceOrientations_iPad = UIInterfaceOrientationPortrait;
				INFOPLIST_KEY_UISupportedInterfaceOrientations_iPhone = UIInterfaceOrientationPortrait;
				IPHONEOS_DEPLOYMENT_TARGET = 17.0;
				LD_RUNPATH_SEARCH_PATHS = "@executable_path/Frameworks";
				"LD_RUNPATH_SEARCH_PATHS[sdk=macosx*]" = "@executable_path/../Frameworks";
				MACOSX_DEPLOYMENT_TARGET = 26.5;
				MARKETING_VERSION = 1.0;
				PRODUCT_BUNDLE_IDENTIFIER = com.hanziyi.xagree;
				PRODUCT_MODULE_NAME = XAgree;
				PRODUCT_NAME = "$(TARGET_NAME)";
				REGISTER_APP_GROUPS = YES;
				SDKROOT = auto;
				STRING_CATALOG_GENERATE_SYMBOLS = YES;
				SUPPORTED_PLATFORMS = "iphoneos iphonesimulator";
				SWIFT_APPROACHABLE_CONCURRENCY = YES;
				SWIFT_DEFAULT_ACTOR_ISOLATION = MainActor;
				SWIFT_EMIT_LOC_STRINGS = YES;
				SWIFT_UPCOMING_FEATURE_MEMBER_IMPORT_VISIBILITY = YES;
				SWIFT_VERSION = 6.0;
				TARGETED_DEVICE_FAMILY = "1,2";
			};
			name = Release;
		};
		A1B2C3D43011AA0800TEST0A /* Debug */ = {
			isa = XCBuildConfiguration;
			buildSettings = {
				BUNDLE_LOADER = "$(TEST_HOST)";
				CODE_SIGN_STYLE = Automatic;
				CURRENT_PROJECT_VERSION = 1;
				DEVELOPMENT_TEAM = 745F9FK3Z7;
				GENERATE_INFOPLIST_FILE = YES;
				IPHONEOS_DEPLOYMENT_TARGET = 17.0;
				LD_RUNPATH_SEARCH_PATHS = (
					"$(inherited)",
					"@executable_path/Frameworks",
					"@loader_path/Frameworks",
				);
				MARKETING_VERSION = 1.0;
				PRODUCT_BUNDLE_IDENTIFIER = com.hanziyi.xagree.tests;
				PRODUCT_NAME = "$(TARGET_NAME)";
				SDKROOT = iphoneos;
				SUPPORTED_PLATFORMS = "iphoneos iphonesimulator";
				SWIFT_APPROACHABLE_CONCURRENCY = YES;
				SWIFT_EMIT_LOC_STRINGS = NO;
				SWIFT_VERSION = 6.0;
				TARGETED_DEVICE_FAMILY = "1,2";
				TEST_HOST = "$(BUILT_PRODUCTS_DIR)/性同意.app/$(BUNDLE_EXECUTABLE_FOLDER_PATH)/性同意";
			};
			name = Debug;
		};
		A1B2C3D43011AA0800TEST0B /* Release */ = {
			isa = XCBuildConfiguration;
			buildSettings = {
				BUNDLE_LOADER = "$(TEST_HOST)";
				CODE_SIGN_STYLE = Automatic;
				CURRENT_PROJECT_VERSION = 1;
				DEVELOPMENT_TEAM = 745F9FK3Z7;
				GENERATE_INFOPLIST_FILE = YES;
				IPHONEOS_DEPLOYMENT_TARGET = 17.0;
				LD_RUNPATH_SEARCH_PATHS = (
					"$(inherited)",
					"@executable_path/Frameworks",
					"@loader_path/Frameworks",
				);
				MARKETING_VERSION = 1.0;
				PRODUCT_BUNDLE_IDENTIFIER = com.hanziyi.xagree.tests;
				PRODUCT_NAME = "$(TARGET_NAME)";
				SDKROOT = iphoneos;
				SUPPORTED_PLATFORMS = "iphoneos iphonesimulator";
				SWIFT_APPROACHABLE_CONCURRENCY = YES;
				SWIFT_EMIT_LOC_STRINGS = NO;
				SWIFT_VERSION = 6.0;
				TARGETED_DEVICE_FAMILY = "1,2";
				TEST_HOST = "$(BUILT_PRODUCTS_DIR)/性同意.app/$(BUNDLE_EXECUTABLE_FOLDER_PATH)/性同意";
			};
			name = Release;
		};
		B2C3D4E53011AA0800UI00A /* Debug */ = {
			isa = XCBuildConfiguration;
			buildSettings = {
				CODE_SIGN_STYLE = Automatic;
				CURRENT_PROJECT_VERSION = 1;
				DEVELOPMENT_TEAM = 745F9FK3Z7;
				GENERATE_INFOPLIST_FILE = YES;
				IPHONEOS_DEPLOYMENT_TARGET = 17.0;
				MARKETING_VERSION = 1.0;
				PRODUCT_BUNDLE_IDENTIFIER = com.hanziyi.xagree.uitests;
				PRODUCT_NAME = "$(TARGET_NAME)";
				SDKROOT = iphoneos;
				SUPPORTED_PLATFORMS = "iphoneos iphonesimulator";
				SWIFT_APPROACHABLE_CONCURRENCY = YES;
				SWIFT_EMIT_LOC_STRINGS = NO;
				SWIFT_VERSION = 6.0;
				TARGETED_DEVICE_FAMILY = "1,2";
				TEST_TARGET_NAME = "性同意";
			};
			name = Debug;
		};
		B2C3D4E53011AA0800UI00B /* Release */ = {
			isa = XCBuildConfiguration;
			buildSettings = {
				CODE_SIGN_STYLE = Automatic;
				CURRENT_PROJECT_VERSION = 1;
				DEVELOPMENT_TEAM = 745F9FK3Z7;
				GENERATE_INFOPLIST_FILE = YES;
				IPHONEOS_DEPLOYMENT_TARGET = 17.0;
				MARKETING_VERSION = 1.0;
				PRODUCT_BUNDLE_IDENTIFIER = com.hanziyi.xagree.uitests;
				PRODUCT_NAME = "$(TARGET_NAME)";
				SDKROOT = iphoneos;
				SUPPORTED_PLATFORMS = "iphoneos iphonesimulator";
				SWIFT_APPROACHABLE_CONCURRENCY = YES;
				SWIFT_EMIT_LOC_STRINGS = NO;
				SWIFT_VERSION = 6.0;
				TARGETED_DEVICE_FAMILY = "1,2";
				TEST_TARGET_NAME = "性同意";
			};
			name = Release;
		};
/* End XCBuildConfiguration section */

/* Begin XCConfigurationList section */
		335A76413011AA0800B66F79 /* Build configuration list for PBXProject "性同意" */ = {
			isa = XCConfigurationList;
			buildConfigurations = (
				335A764F3011AA0900B66F79 /* Debug */,
				335A76503011AA0900B66F79 /* Release */,
			);
			defaultConfigurationIsVisible = 0;
			defaultConfigurationName = Release;
		};
		335A76513011AA0900B66F79 /* Build configuration list for PBXNativeTarget "性同意" */ = {
			isa = XCConfigurationList;
			buildConfigurations = (
				335A76523011AA0900B66F79 /* Debug */,
				335A76533011AA0900B66F79 /* Release */,
			);
			defaultConfigurationIsVisible = 0;
			defaultConfigurationName = Release;
		};
		A1B2C3D43011AA0800TEST09 /* Build configuration list for PBXNativeTarget "XAgreeTests" */ = {
			isa = XCConfigurationList;
			buildConfigurations = (
				A1B2C3D43011AA0800TEST0A /* Debug */,
				A1B2C3D43011AA0800TEST0B /* Release */,
			);
			defaultConfigurationIsVisible = 0;
			defaultConfigurationName = Release;
		};
		B2C3D4E53011AA0800UI009 /* Build configuration list for PBXNativeTarget "XAgreeUITests" */ = {
			isa = XCConfigurationList;
			buildConfigurations = (
				B2C3D4E53011AA0800UI00A /* Debug */,
				B2C3D4E53011AA0800UI00B /* Release */,
			);
			defaultConfigurationIsVisible = 0;
			defaultConfigurationName = Release;
		};
/* End XCConfigurationList section */
	};
	rootObject = 335A763E3011AA0800B66F79 /* Project object */;
}
